
Microsoft Visual Studio Solution File, Format Version 12.00
# Visual Studio Version 17
VisualStudioVersion = 17.1.32328.378
MinimumVisualStudioVersion = 10.0.40219.1
Project("{FAE04EC0-301F-11D3-BF4B-00C04F79EFBC}") = "Unimall_Worker", "Unimall_Worker\Unimall_Worker.csproj", "{68AE0FD1-9039-4209-AD33-9EEA26272DD4}"
EndProject
Project("{2150E333-8FDC-42A3-9474-1A3956D46DE8}") = "Infrastructure", "Infrastructure", "{79E10BB5-C55A-48DF-8D51-6F67B1C36B48}"
EndProject
Project("{FAE04EC0-301F-11D3-BF4B-00C04F79EFBC}") = "Unimall_Data", "Unimall_Data\Unimall_Data.csproj", "{B318E1CB-6C5D-4137-B58E-E8042442E5F7}"
EndProject
Global
	GlobalSection(SolutionConfigurationPlatforms) = preSolution
		Debug|Any CPU = Debug|Any CPU
		Release|Any CPU = Release|Any CPU
	EndGlobalSection
	GlobalSection(ProjectConfigurationPlatforms) = postSolution
		{68AE0FD1-9039-4209-AD33-9EEA26272DD4}.Debug|Any CPU.ActiveCfg = Debug|Any CPU
		{68AE0FD1-9039-4209-AD33-9EEA26272DD4}.Debug|Any CPU.Build.0 = Debug|Any CPU
		{68AE0FD1-9039-4209-AD33-9EEA26272DD4}.Release|Any CPU.ActiveCfg = Release|Any CPU
		{68AE0FD1-9039-4209-AD33-9EEA26272DD4}.Release|Any CPU.Build.0 = Release|Any CPU
		{B318E1CB-6C5D-4137-B58E-E8042442E5F7}.Debug|Any CPU.ActiveCfg = Debug|Any CPU
		{B318E1CB-6C5D-4137-B58E-E8042442E5F7}.Debug|Any CPU.Build.0 = Debug|Any CPU
		{B318E1CB-6C5D-4137-B58E-E8042442E5F7}.Release|Any CPU.ActiveCfg = Release|Any CPU
		{B318E1CB-6C5D-4137-B58E-E8042442E5F7}.Release|Any CPU.Build.0 = Release|Any CPU
	EndGlobalSection
	GlobalSection(SolutionProperties) = preSolution
		HideSolutionNode = FALSE
	EndGlobalSection
	GlobalSection(NestedProjects) = preSolution
		{B318E1CB-6C5D-4137-B58E-E8042442E5F7} = {79E10BB5-C55A-48DF-8D51-6F67B1C36B48}
	EndGlobalSection
	GlobalSection(ExtensibilityGlobals) = postSolution
		SolutionGuid = {86EC8DC1-ADCC-458A-A7FA-43D6C863BA53}
	EndGlobalSection
EndGlobal
