
Microsoft Visual Studio Solution File, Format Version 12.00
# Visual Studio Version 17
VisualStudioVersion = 17.1.32328.378
MinimumVisualStudioVersion = 10.0.40219.1
Project("{2150E333-8FDC-42A3-9474-1A3956D46DE8}") = "Infrastructure", "Infrastructure", "{79E10BB5-C55A-48DF-8D51-6F67B1C36B48}"
EndProject
Project("{2150E333-8FDC-42A3-9474-1A3956D46DE8}") = "Application", "Application", "{6B544005-1B9B-47EC-B6BA-21579B044541}"
EndProject
Project("{2150E333-8FDC-42A3-9474-1A3956D46DE8}") = "Domain", "Domain", "{75A7E284-5690-465A-9B6D-F210EA2053CC}"
EndProject
Project("{2150E333-8FDC-42A3-9474-1A3956D46DE8}") = "Presentations", "Presentations", "{1748C3AB-0D99-46C4-9753-800EB0ACD5CF}"
EndProject
Project("{9A19103F-16F7-4668-BE54-9A1E7A4F7556}") = "Core", "Application\Core\Core.csproj", "{0383027C-05E9-4183-B82D-5916C784C230}"
EndProject
Project("{9A19103F-16F7-4668-BE54-9A1E7A4F7556}") = "Shared", "Domain\Shared\Shared.csproj", "{853432BB-EC1A-443F-9757-064341188F66}"
EndProject
Project("{9A19103F-16F7-4668-BE54-9A1E7A4F7556}") = "Data", "Infrastructure\Data\Data.csproj", "{CFD35E2A-1BFA-4BC4-B6C7-00A206612BFF}"
EndProject
Project("{9A19103F-16F7-4668-BE54-9A1E7A4F7556}") = "Unimall_TelegramBot", "Presentations\Unimall_TelegramBot\Unimall_TelegramBot.csproj", "{DFB4FBE7-7D77-405D-AAE0-AB2974230C0B}"
EndProject
Project("{FAE04EC0-301F-11D3-BF4B-00C04F79EFBC}") = "Services", "Infrastructure\Services\Services.csproj", "{3A7ED485-96FD-4609-909B-1B7169D6F117}"
EndProject
Global
	GlobalSection(SolutionConfigurationPlatforms) = preSolution
		Debug|Any CPU = Debug|Any CPU
		Release|Any CPU = Release|Any CPU
	EndGlobalSection
	GlobalSection(ProjectConfigurationPlatforms) = postSolution
		{0383027C-05E9-4183-B82D-5916C784C230}.Debug|Any CPU.ActiveCfg = Debug|Any CPU
		{0383027C-05E9-4183-B82D-5916C784C230}.Debug|Any CPU.Build.0 = Debug|Any CPU
		{0383027C-05E9-4183-B82D-5916C784C230}.Release|Any CPU.ActiveCfg = Release|Any CPU
		{0383027C-05E9-4183-B82D-5916C784C230}.Release|Any CPU.Build.0 = Release|Any CPU
		{853432BB-EC1A-443F-9757-064341188F66}.Debug|Any CPU.ActiveCfg = Debug|Any CPU
		{853432BB-EC1A-443F-9757-064341188F66}.Debug|Any CPU.Build.0 = Debug|Any CPU
		{853432BB-EC1A-443F-9757-064341188F66}.Release|Any CPU.ActiveCfg = Release|Any CPU
		{853432BB-EC1A-443F-9757-064341188F66}.Release|Any CPU.Build.0 = Release|Any CPU
		{CFD35E2A-1BFA-4BC4-B6C7-00A206612BFF}.Debug|Any CPU.ActiveCfg = Debug|Any CPU
		{CFD35E2A-1BFA-4BC4-B6C7-00A206612BFF}.Debug|Any CPU.Build.0 = Debug|Any CPU
		{CFD35E2A-1BFA-4BC4-B6C7-00A206612BFF}.Release|Any CPU.ActiveCfg = Release|Any CPU
		{CFD35E2A-1BFA-4BC4-B6C7-00A206612BFF}.Release|Any CPU.Build.0 = Release|Any CPU
		{DFB4FBE7-7D77-405D-AAE0-AB2974230C0B}.Debug|Any CPU.ActiveCfg = Debug|Any CPU
		{DFB4FBE7-7D77-405D-AAE0-AB2974230C0B}.Debug|Any CPU.Build.0 = Debug|Any CPU
		{DFB4FBE7-7D77-405D-AAE0-AB2974230C0B}.Release|Any CPU.ActiveCfg = Release|Any CPU
		{DFB4FBE7-7D77-405D-AAE0-AB2974230C0B}.Release|Any CPU.Build.0 = Release|Any CPU
		{3A7ED485-96FD-4609-909B-1B7169D6F117}.Debug|Any CPU.ActiveCfg = Debug|Any CPU
		{3A7ED485-96FD-4609-909B-1B7169D6F117}.Debug|Any CPU.Build.0 = Debug|Any CPU
		{3A7ED485-96FD-4609-909B-1B7169D6F117}.Release|Any CPU.ActiveCfg = Release|Any CPU
		{3A7ED485-96FD-4609-909B-1B7169D6F117}.Release|Any CPU.Build.0 = Release|Any CPU
	EndGlobalSection
	GlobalSection(SolutionProperties) = preSolution
		HideSolutionNode = FALSE
	EndGlobalSection
	GlobalSection(NestedProjects) = preSolution
		{0383027C-05E9-4183-B82D-5916C784C230} = {6B544005-1B9B-47EC-B6BA-21579B044541}
		{853432BB-EC1A-443F-9757-064341188F66} = {75A7E284-5690-465A-9B6D-F210EA2053CC}
		{CFD35E2A-1BFA-4BC4-B6C7-00A206612BFF} = {79E10BB5-C55A-48DF-8D51-6F67B1C36B48}
		{DFB4FBE7-7D77-405D-AAE0-AB2974230C0B} = {1748C3AB-0D99-46C4-9753-800EB0ACD5CF}
		{3A7ED485-96FD-4609-909B-1B7169D6F117} = {79E10BB5-C55A-48DF-8D51-6F67B1C36B48}
	EndGlobalSection
	GlobalSection(ExtensibilityGlobals) = postSolution
		SolutionGuid = {86EC8DC1-ADCC-458A-A7FA-43D6C863BA53}
	EndGlobalSection
EndGlobal
